// !$*UTF8*$!
{
	archiveVersion = 1;
	classes = {
	};
	objectVersion = 46;
	objects = {

/* Begin PBXBuildFile section */
		077538C197C7DC08B2F37A1D /* Pods_Movie_AppTests.framework in Frameworks */ = {isa = PBXBuildFile; fileRef = 5F55EF814259B245EFF0DC74 /* Pods_Movie_AppTests.framework */; };
		399F42AEB2D2AD3D3914EB49 /* Pods_Movie_App.framework in Frameworks */ = {isa = PBXBuildFile; fileRef = DB7B4AB3B5324C1C8554981B /* Pods_Movie_App.framework */; };
		3A3FC3ED1F88200900EB481D /* omdbClient.swift in Sources */ = {isa = PBXBuildFile; fileRef = 3A3FC3EC1F88200900EB481D /* omdbClient.swift */; };
		3A3FC3F31F8D681C00EB481D /* MovieCollectionViewController.swift in Sources */ = {isa = PBXBuildFile; fileRef = 3A3FC3F21F8D681C00EB481D /* MovieCollectionViewController.swift */; };
		3AFAD3E31F07E85F00FCC1C5 /* AppDelegate.swift in Sources */ = {isa = PBXBuildFile; fileRef = 3AFAD3E21F07E85F00FCC1C5 /* AppDelegate.swift */; };
		3AFAD3E51F07E85F00FCC1C5 /* ViewController.swift in Sources */ = {isa = PBXBuildFile; fileRef = 3AFAD3E41F07E85F00FCC1C5 /* ViewController.swift */; };
		3AFAD3E81F07E85F00FCC1C5 /* Main.storyboard in Resources */ = {isa = PBXBuildFile; fileRef = 3AFAD3E61F07E85F00FCC1C5 /* Main.storyboard */; };
		3AFAD3EA1F07E85F00FCC1C5 /* Assets.xcassets in Resources */ = {isa = PBXBuildFile; fileRef = 3AFAD3E91F07E85F00FCC1C5 /* Assets.xcassets */; };
		3AFAD3ED1F07E85F00FCC1C5 /* LaunchScreen.storyboard in Resources */ = {isa = PBXBuildFile; fileRef = 3AFAD3EB1F07E85F00FCC1C5 /* LaunchScreen.storyboard */; };
		3AFAD3F81F07E85F00FCC1C5 /* Movie_AppTests.swift in Sources */ = {isa = PBXBuildFile; fileRef = 3AFAD3F71F07E85F00FCC1C5 /* Movie_AppTests.swift */; };
		3AFAD4031F07E85F00FCC1C5 /* Movie_AppUITests.swift in Sources */ = {isa = PBXBuildFile; fileRef = 3AFAD4021F07E85F00FCC1C5 /* Movie_AppUITests.swift */; };
		8A530E82F936D9B675C0B544 /* Pods_Movie_AppUITests.framework in Frameworks */ = {isa = PBXBuildFile; fileRef = 9DD5CF3533187E2B62810979 /* Pods_Movie_AppUITests.framework */; };
/* End PBXBuildFile section */

/* Begin PBXContainerItemProxy section */
		3AFAD3F41F07E85F00FCC1C5 /* PBXContainerItemProxy */ = {
			isa = PBXContainerItemProxy;
			containerPortal = 3AFAD3D71F07E85F00FCC1C5 /* Project object */;
			proxyType = 1;
			remoteGlobalIDString = 3AFAD3DE1F07E85F00FCC1C5;
			remoteInfo = "Movie App";
		};
		3AFAD3FF1F07E85F00FCC1C5 /* PBXContainerItemProxy */ = {
			isa = PBXContainerItemProxy;
			containerPortal = 3AFAD3D71F07E85F00FCC1C5 /* Project object */;
			proxyType = 1;
			remoteGlobalIDString = 3AFAD3DE1F07E85F00FCC1C5;
			remoteInfo = "Movie App";
		};
/* End PBXContainerItemProxy section */

/* Begin PBXFileReference section */
		17BAFF1442902FF2AADB301B /* Pods-Movie AppUITests.release.xcconfig */ = {isa = PBXFileReference; includeInIndex = 1; lastKnownFileType = text.xcconfig; name = "Pods-Movie AppUITests.release.xcconfig"; path = "Pods/Target Support Files/Pods-Movie AppUITests/Pods-Movie AppUITests.release.xcconfig"; sourceTree = "<group>"; };
		1952ACA2E899F0014262D54A /* Pods-Movie AppTests.release.xcconfig */ = {isa = PBXFileReference; includeInIndex = 1; lastKnownFileType = text.xcconfig; name = "Pods-Movie AppTests.release.xcconfig"; path = "Pods/Target Support Files/Pods-Movie AppTests/Pods-Movie AppTests.release.xcconfig"; sourceTree = "<group>"; };
		28FB0F61582399A7AA1AD99E /* Pods-Movie AppUITests.debug.xcconfig */ = {isa = PBXFileReference; includeInIndex = 1; lastKnownFileType = text.xcconfig; name = "Pods-Movie AppUITests.debug.xcconfig"; path = "Pods/Target Support Files/Pods-Movie AppUITests/Pods-Movie AppUITests.debug.xcconfig"; sourceTree = "<group>"; };
		3A3FC3EC1F88200900EB481D /* omdbClient.swift */ = {isa = PBXFileReference; lastKnownFileType = sourcecode.swift; path = omdbClient.swift; sourceTree = "<group>"; };
		3A3FC3F21F8D681C00EB481D /* MovieCollectionViewController.swift */ = {isa = PBXFileReference; lastKnownFileType = sourcecode.swift; path = MovieCollectionViewController.swift; sourceTree = "<group>"; };
		3AFAD3DF1F07E85F00FCC1C5 /* Movie App.app */ = {isa = PBXFileReference; explicitFileType = wrapper.application; includeInIndex = 0; path = "Movie App.app"; sourceTree = BUILT_PRODUCTS_DIR; };
		3AFAD3E21F07E85F00FCC1C5 /* AppDelegate.swift */ = {isa = PBXFileReference; lastKnownFileType = sourcecode.swift; path = AppDelegate.swift; sourceTree = "<group>"; };
		3AFAD3E41F07E85F00FCC1C5 /* ViewController.swift */ = {isa = PBXFileReference; lastKnownFileType = sourcecode.swift; path = ViewController.swift; sourceTree = "<group>"; };
		3AFAD3E71F07E85F00FCC1C5 /* Base */ = {isa = PBXFileReference; lastKnownFileType = file.storyboard; name = Base; path = Base.lproj/Main.storyboard; sourceTree = "<group>"; };
		3AFAD3E91F07E85F00FCC1C5 /* Assets.xcassets */ = {isa = PBXFileReference; lastKnownFileType = folder.assetcatalog; path = Assets.xcassets; sourceTree = "<group>"; };
		3AFAD3EC1F07E85F00FCC1C5 /* Base */ = {isa = PBXFileReference; lastKnownFileType = file.storyboard; name = Base; path = Base.lproj/LaunchScreen.storyboard; sourceTree = "<group>"; };
		3AFAD3EE1F07E85F00FCC1C5 /* Info.plist */ = {isa = PBXFileReference; lastKnownFileType = text.plist.xml; path = Info.plist; sourceTree = "<group>"; };
		3AFAD3F31F07E85F00FCC1C5 /* Movie AppTests.xctest */ = {isa = PBXFileReference; explicitFileType = wrapper.cfbundle; includeInIndex = 0; path = "Movie AppTests.xctest"; sourceTree = BUILT_PRODUCTS_DIR; };
		3AFAD3F71F07E85F00FCC1C5 /* Movie_AppTests.swift */ = {isa = PBXFileReference; lastKnownFileType = sourcecode.swift; path = Movie_AppTests.swift; sourceTree = "<group>"; };
		3AFAD3F91F07E85F00FCC1C5 /* Info.plist */ = {isa = PBXFileReference; lastKnownFileType = text.plist.xml; path = Info.plist; sourceTree = "<group>"; };
		3AFAD3FE1F07E85F00FCC1C5 /* Movie AppUITests.xctest */ = {isa = PBXFileReference; explicitFileType = wrapper.cfbundle; includeInIndex = 0; path = "Movie AppUITests.xctest"; sourceTree = BUILT_PRODUCTS_DIR; };
		3AFAD4021F07E85F00FCC1C5 /* Movie_AppUITests.swift */ = {isa = PBXFileReference; lastKnownFileType = sourcecode.swift; path = Movie_AppUITests.swift; sourceTree = "<group>"; };
		3AFAD4041F07E85F00FCC1C5 /* Info.plist */ = {isa = PBXFileReference; lastKnownFileType = text.plist.xml; path = Info.plist; sourceTree = "<group>"; };
		5F55EF814259B245EFF0DC74 /* Pods_Movie_AppTests.framework */ = {isa = PBXFileReference; explicitFileType = wrapper.framework; includeInIndex = 0; path = Pods_Movie_AppTests.framework; sourceTree = BUILT_PRODUCTS_DIR; };
		650DF0A5D6EAEC1AFD8F70BE /* Pods-Movie App.debug.xcconfig */ = {isa = PBXFileReference; includeInIndex = 1; lastKnownFileType = text.xcconfig; name = "Pods-Movie App.debug.xcconfig"; path = "Pods/Target Support Files/Pods-Movie App/Pods-Movie App.debug.xcconfig"; sourceTree = "<group>"; };
		6B089BD6FFE9F4F49244F1F2 /* Pods-Movie AppTests.debug.xcconfig */ = {isa = PBXFileReference; includeInIndex = 1; lastKnownFileType = text.xcconfig; name = "Pods-Movie AppTests.debug.xcconfig"; path = "Pods/Target Support Files/Pods-Movie AppTests/Pods-Movie AppTests.debug.xcconfig"; sourceTree = "<group>"; };
		86CBB65C548F3415FD133260 /* Pods-Movie App.release.xcconfig */ = {isa = PBXFileReference; includeInIndex = 1; lastKnownFileType = text.xcconfig; name = "Pods-Movie App.release.xcconfig"; path = "Pods/Target Support Files/Pods-Movie App/Pods-Movie App.release.xcconfig"; sourceTree = "<group>"; };
		9DD5CF3533187E2B62810979 /* Pods_Movie_AppUITests.framework */ = {isa = PBXFileReference; explicitFileType = wrapper.framework; includeInIndex = 0; path = Pods_Movie_AppUITests.framework; sourceTree = BUILT_PRODUCTS_DIR; };
		DB7B4AB3B5324C1C8554981B /* Pods_Movie_App.framework */ = {isa = PBXFileReference; explicitFileType = wrapper.framework; includeInIndex = 0; path = Pods_Movie_App.framework; sourceTree = BUILT_PRODUCTS_DIR; };
/* End PBXFileReference section */

/* Begin PBXFrameworksBuildPhase section */
		3AFAD3DC1F07E85F00FCC1C5 /* Frameworks */ = {
			isa = PBXFrameworksBuildPhase;
			buildActionMask = 2147483647;
			files = (
				399F42AEB2D2AD3D3914EB49 /* Pods_Movie_App.framework in Frameworks */,
			);
			runOnlyForDeploymentPostprocessing = 0;
		};
		3AFAD3F01F07E85F00FCC1C5 /* Frameworks */ = {
			isa = PBXFrameworksBuildPhase;
			buildActionMask = 2147483647;
			files = (
				077538C197C7DC08B2F37A1D /* Pods_Movie_AppTests.framework in Frameworks */,
			);
			runOnlyForDeploymentPostprocessing = 0;
		};
		3AFAD3FB1F07E85F00FCC1C5 /* Frameworks */ = {
			isa = PBXFrameworksBuildPhase;
			buildActionMask = 2147483647;
			files = (
				8A530E82F936D9B675C0B544 /* Pods_Movie_AppUITests.framework in Frameworks */,
			);
			runOnlyForDeploymentPostprocessing = 0;
		};
/* End PBXFrameworksBuildPhase section */

/* Begin PBXGroup section */
		2455A90FEE2C829F423932AE /* Pods */ = {
			isa = PBXGroup;
			children = (
				650DF0A5D6EAEC1AFD8F70BE /* Pods-Movie App.debug.xcconfig */,
				86CBB65C548F3415FD133260 /* Pods-Movie App.release.xcconfig */,
				6B089BD6FFE9F4F49244F1F2 /* Pods-Movie AppTests.debug.xcconfig */,
				1952ACA2E899F0014262D54A /* Pods-Movie AppTests.release.xcconfig */,
				28FB0F61582399A7AA1AD99E /* Pods-Movie AppUITests.debug.xcconfig */,
				17BAFF1442902FF2AADB301B /* Pods-Movie AppUITests.release.xcconfig */,
			);
			name = Pods;
			sourceTree = "<group>";
		};
		3A56B9E61F09479E008E1B88 /* Model */ = {
			isa = PBXGroup;
			children = (
				3A3FC3EC1F88200900EB481D /* omdbClient.swift */,
			);
			name = Model;
			sourceTree = "<group>";
		};
		3A56B9E71F0947B2008E1B88 /* View */ = {
			isa = PBXGroup;
			children = (
			);
			name = View;
			sourceTree = "<group>";
		};
		3A56B9E81F0947BF008E1B88 /* Controller */ = {
			isa = PBXGroup;
			children = (
				3A3FC3F21F8D681C00EB481D /* MovieCollectionViewController.swift */,
			);
			name = Controller;
			sourceTree = "<group>";
		};
		3AFAD3D61F07E85F00FCC1C5 = {
			isa = PBXGroup;
			children = (
				3AFAD3E11F07E85F00FCC1C5 /* Movie App */,
				3AFAD3F61F07E85F00FCC1C5 /* Movie AppTests */,
				3AFAD4011F07E85F00FCC1C5 /* Movie AppUITests */,
				3AFAD3E01F07E85F00FCC1C5 /* Products */,
				2455A90FEE2C829F423932AE /* Pods */,
				58C6E0382B9BC7F8103BB799 /* Frameworks */,
			);
			sourceTree = "<group>";
		};
		3AFAD3E01F07E85F00FCC1C5 /* Products */ = {
			isa = PBXGroup;
			children = (
				3AFAD3DF1F07E85F00FCC1C5 /* Movie App.app */,
				3AFAD3F31F07E85F00FCC1C5 /* Movie AppTests.xctest */,
				3AFAD3FE1F07E85F00FCC1C5 /* Movie AppUITests.xctest */,
			);
			name = Products;
			sourceTree = "<group>";
		};
		3AFAD3E11F07E85F00FCC1C5 /* Movie App */ = {
			isa = PBXGroup;
			children = (
				3A56B9E81F0947BF008E1B88 /* Controller */,
				3A56B9E71F0947B2008E1B88 /* View */,
				3A56B9E61F09479E008E1B88 /* Model */,
				3AFAD3E21F07E85F00FCC1C5 /* AppDelegate.swift */,
				3AFAD3E41F07E85F00FCC1C5 /* ViewController.swift */,
				3AFAD3E61F07E85F00FCC1C5 /* Main.storyboard */,
				3AFAD3E91F07E85F00FCC1C5 /* Assets.xcassets */,
				3AFAD3EB1F07E85F00FCC1C5 /* LaunchScreen.storyboard */,
				3AFAD3EE1F07E85F00FCC1C5 /* Info.plist */,
			);
			path = "Movie App";
			sourceTree = "<group>";
		};
		3AFAD3F61F07E85F00FCC1C5 /* Movie AppTests */ = {
			isa = PBXGroup;
			children = (
				3AFAD3F71F07E85F00FCC1C5 /* Movie_AppTests.swift */,
				3AFAD3F91F07E85F00FCC1C5 /* Info.plist */,
			);
			path = "Movie AppTests";
			sourceTree = "<group>";
		};
		3AFAD4011F07E85F00FCC1C5 /* Movie AppUITests */ = {
			isa = PBXGroup;
			children = (
				3AFAD4021F07E85F00FCC1C5 /* Movie_AppUITests.swift */,
				3AFAD4041F07E85F00FCC1C5 /* Info.plist */,
			);
			path = "Movie AppUITests";
			sourceTree = "<group>";
		};
		58C6E0382B9BC7F8103BB799 /* Frameworks */ = {
			isa = PBXGroup;
			children = (
				DB7B4AB3B5324C1C8554981B /* Pods_Movie_App.framework */,
				5F55EF814259B245EFF0DC74 /* Pods_Movie_AppTests.framework */,
				9DD5CF3533187E2B62810979 /* Pods_Movie_AppUITests.framework */,
			);
			name = Frameworks;
			sourceTree = "<group>";
		};
/* End PBXGroup section */

/* Begin PBXNativeTarget section */
		3AFAD3DE1F07E85F00FCC1C5 /* Movie App */ = {
			isa = PBXNativeTarget;
			buildConfigurationList = 3AFAD4071F07E85F00FCC1C5 /* Build configuration list for PBXNativeTarget "Movie App" */;
			buildPhases = (
				157B578F2CCCEFAB80DF4B4B /* [CP] Check Pods Manifest.lock */,
				3AFAD3DB1F07E85F00FCC1C5 /* Sources */,
				3AFAD3DC1F07E85F00FCC1C5 /* Frameworks */,
				3AFAD3DD1F07E85F00FCC1C5 /* Resources */,
				E9CC8D4D2AF4E4AAB677E727 /* [CP] Embed Pods Frameworks */,
				3946397CE4CE94C94C5915CB /* [CP] Copy Pods Resources */,
			);
			buildRules = (
			);
			dependencies = (
			);
			name = "Movie App";
			productName = "Movie App";
			productReference = 3AFAD3DF1F07E85F00FCC1C5 /* Movie App.app */;
			productType = "com.apple.product-type.application";
		};
		3AFAD3F21F07E85F00FCC1C5 /* Movie AppTests */ = {
			isa = PBXNativeTarget;
			buildConfigurationList = 3AFAD40A1F07E85F00FCC1C5 /* Build configuration list for PBXNativeTarget "Movie AppTests" */;
			buildPhases = (
				66AC106B07BB7A15A7579FAF /* [CP] Check Pods Manifest.lock */,
				3AFAD3EF1F07E85F00FCC1C5 /* Sources */,
				3AFAD3F01F07E85F00FCC1C5 /* Frameworks */,
				3AFAD3F11F07E85F00FCC1C5 /* Resources */,
				DFE89496A20DCC063BFCA947 /* [CP] Embed Pods Frameworks */,
				D017E3232A9ACCA1D59D1357 /* [CP] Copy Pods Resources */,
			);
			buildRules = (
			);
			dependencies = (
				3AFAD3F51F07E85F00FCC1C5 /* PBXTargetDependency */,
			);
			name = "Movie AppTests";
			productName = "Movie AppTests";
			productReference = 3AFAD3F31F07E85F00FCC1C5 /* Movie AppTests.xctest */;
			productType = "com.apple.product-type.bundle.unit-test";
		};
		3AFAD3FD1F07E85F00FCC1C5 /* Movie AppUITests */ = {
			isa = PBXNativeTarget;
			buildConfigurationList = 3AFAD40D1F07E85F00FCC1C5 /* Build configuration list for PBXNativeTarget "Movie AppUITests" */;
			buildPhases = (
				59D402A9E2CCC12A6A9CE8D9 /* [CP] Check Pods Manifest.lock */,
				3AFAD3FA1F07E85F00FCC1C5 /* Sources */,
				3AFAD3FB1F07E85F00FCC1C5 /* Frameworks */,
				3AFAD3FC1F07E85F00FCC1C5 /* Resources */,
				EE4D8C1F659643DBEFBAB32B /* [CP] Embed Pods Frameworks */,
				4D925AF70F7C651E3B6CD59C /* [CP] Copy Pods Resources */,
			);
			buildRules = (
			);
			dependencies = (
				3AFAD4001F07E85F00FCC1C5 /* PBXTargetDependency */,
			);
			name = "Movie AppUITests";
			productName = "Movie AppUITests";
			productReference = 3AFAD3FE1F07E85F00FCC1C5 /* Movie AppUITests.xctest */;
			productType = "com.apple.product-type.bundle.ui-testing";
		};
/* End PBXNativeTarget section */

/* Begin PBXProject section */
		3AFAD3D71F07E85F00FCC1C5 /* Project object */ = {
			isa = PBXProject;
			attributes = {
				LastSwiftUpdateCheck = 0830;
				LastUpgradeCheck = 0830;
				ORGANIZATIONNAME = "Adrian Brown";
				TargetAttributes = {
					3AFAD3DE1F07E85F00FCC1C5 = {
						CreatedOnToolsVersion = 8.3.3;
						DevelopmentTeam = TUPR8SK9GJ;
						ProvisioningStyle = Automatic;
					};
					3AFAD3F21F07E85F00FCC1C5 = {
						CreatedOnToolsVersion = 8.3.3;
						ProvisioningStyle = Automatic;
						TestTargetID = 3AFAD3DE1F07E85F00FCC1C5;
					};
					3AFAD3FD1F07E85F00FCC1C5 = {
						CreatedOnToolsVersion = 8.3.3;
						ProvisioningStyle = Automatic;
						TestTargetID = 3AFAD3DE1F07E85F00FCC1C5;
					};
				};
			};
			buildConfigurationList = 3AFAD3DA1F07E85F00FCC1C5 /* Build configuration list for PBXProject "Movie App" */;
			compatibilityVersion = "Xcode 3.2";
			developmentRegion = English;
			hasScannedForEncodings = 0;
			knownRegions = (
				en,
				Base,
			);
			mainGroup = 3AFAD3D61F07E85F00FCC1C5;
			productRefGroup = 3AFAD3E01F07E85F00FCC1C5 /* Products */;
			projectDirPath = "";
			projectRoot = "";
			targets = (
				3AFAD3DE1F07E85F00FCC1C5 /* Movie App */,
				3AFAD3F21F07E85F00FCC1C5 /* Movie AppTests */,
				3AFAD3FD1F07E85F00FCC1C5 /* Movie AppUITests */,
			);
		};
/* End PBXProject section */

/* Begin PBXResourcesBuildPhase section */
		3AFAD3DD1F07E85F00FCC1C5 /* Resources */ = {
			isa = PBXResourcesBuildPhase;
			buildActionMask = 2147483647;
			files = (
				3AFAD3ED1F07E85F00FCC1C5 /* LaunchScreen.storyboard in Resources */,
				3AFAD3EA1F07E85F00FCC1C5 /* Assets.xcassets in Resources */,
				3AFAD3E81F07E85F00FCC1C5 /* Main.storyboard in Resources */,
			);
			runOnlyForDeploymentPostprocessing = 0;
		};
		3AFAD3F11F07E85F00FCC1C5 /* Resources */ = {
			isa = PBXResourcesBuildPhase;
			buildActionMask = 2147483647;
			files = (
			);
			runOnlyForDeploymentPostprocessing = 0;
		};
		3AFAD3FC1F07E85F00FCC1C5 /* Resources */ = {
			isa = PBXResourcesBuildPhase;
			buildActionMask = 2147483647;
			files = (
			);
			runOnlyForDeploymentPostprocessing = 0;
		};
/* End PBXResourcesBuildPhase section */

/* Begin PBXShellScriptBuildPhase section */
		157B578F2CCCEFAB80DF4B4B /* [CP] Check Pods Manifest.lock */ = {
			isa = PBXShellScriptBuildPhase;
			buildActionMask = 2147483647;
			files = (
			);
			inputPaths = (
			);
			name = "[CP] Check Pods Manifest.lock";
			outputPaths = (
			);
			runOnlyForDeploymentPostprocessing = 0;
			shellPath = /bin/sh;
			shellScript = "diff \"${PODS_PODFILE_DIR_PATH}/Podfile.lock\" \"${PODS_ROOT}/Manifest.lock\" > /dev/null\nif [ $? != 0 ] ; then\n    # print error to STDERR\n    echo \"error: The sandbox is not in sync with the Podfile.lock. Run 'pod install' or update your CocoaPods installation.\" >&2\n    exit 1\nfi\n";
			showEnvVarsInLog = 0;
		};
		3946397CE4CE94C94C5915CB /* [CP] Copy Pods Resources */ = {
			isa = PBXShellScriptBuildPhase;
			buildActionMask = 2147483647;
			files = (
			);
			inputPaths = (
			);
			name = "[CP] Copy Pods Resources";
			outputPaths = (
			);
			runOnlyForDeploymentPostprocessing = 0;
			shellPath = /bin/sh;
			shellScript = "\"${SRCROOT}/Pods/Target Support Files/Pods-Movie App/Pods-Movie App-resources.sh\"\n";
			showEnvVarsInLog = 0;
		};
		4D925AF70F7C651E3B6CD59C /* [CP] Copy Pods Resources */ = {
			isa = PBXShellScriptBuildPhase;
			buildActionMask = 2147483647;
			files = (
			);
			inputPaths = (
			);
			name = "[CP] Copy Pods Resources";
			outputPaths = (
			);
			runOnlyForDeploymentPostprocessing = 0;
			shellPath = /bin/sh;
			shellScript = "\"${SRCROOT}/Pods/Target Support Files/Pods-Movie AppUITests/Pods-Movie AppUITests-resources.sh\"\n";
			showEnvVarsInLog = 0;
		};
		59D402A9E2CCC12A6A9CE8D9 /* [CP] Check Pods Manifest.lock */ = {
			isa = PBXShellScriptBuildPhase;
			buildActionMask = 2147483647;
			files = (
			);
			inputPaths = (
			);
			name = "[CP] Check Pods Manifest.lock";
			outputPaths = (
			);
			runOnlyForDeploymentPostprocessing = 0;
			shellPath = /bin/sh;
			shellScript = "diff \"${PODS_PODFILE_DIR_PATH}/Podfile.lock\" \"${PODS_ROOT}/Manifest.lock\" > /dev/null\nif [ $? != 0 ] ; then\n    # print error to STDERR\n    echo \"error: The sandbox is not in sync with the Podfile.lock. Run 'pod install' or update your CocoaPods installation.\" >&2\n    exit 1\nfi\n";
			showEnvVarsInLog = 0;
		};
		66AC106B07BB7A15A7579FAF /* [CP] Check Pods Manifest.lock */ = {
			isa = PBXShellScriptBuildPhase;
			buildActionMask = 2147483647;
			files = (
			);
			inputPaths = (
			);
			name = "[CP] Check Pods Manifest.lock";
			outputPaths = (
			);
			runOnlyForDeploymentPostprocessing = 0;
			shellPath = /bin/sh;
			shellScript = "diff \"${PODS_PODFILE_DIR_PATH}/Podfile.lock\" \"${PODS_ROOT}/Manifest.lock\" > /dev/null\nif [ $? != 0 ] ; then\n    # print error to STDERR\n    echo \"error: The sandbox is not in sync with the Podfile.lock. Run 'pod install' or update your CocoaPods installation.\" >&2\n    exit 1\nfi\n";
			showEnvVarsInLog = 0;
		};
		D017E3232A9ACCA1D59D1357 /* [CP] Copy Pods Resources */ = {
			isa = PBXShellScriptBuildPhase;
			buildActionMask = 2147483647;
			files = (
			);
			inputPaths = (
			);
			name = "[CP] Copy Pods Resources";
			outputPaths = (
			);
			runOnlyForDeploymentPostprocessing = 0;
			shellPath = /bin/sh;
			shellScript = "\"${SRCROOT}/Pods/Target Support Files/Pods-Movie AppTests/Pods-Movie AppTests-resources.sh\"\n";
			showEnvVarsInLog = 0;
		};
		DFE89496A20DCC063BFCA947 /* [CP] Embed Pods Frameworks */ = {
			isa = PBXShellScriptBuildPhase;
			buildActionMask = 2147483647;
			files = (
			);
			inputPaths = (
			);
			name = "[CP] Embed Pods Frameworks";
			outputPaths = (
			);
			runOnlyForDeploymentPostprocessing = 0;
			shellPath = /bin/sh;
			shellScript = "\"${SRCROOT}/Pods/Target Support Files/Pods-Movie AppTests/Pods-Movie AppTests-frameworks.sh\"\n";
			showEnvVarsInLog = 0;
		};
		E9CC8D4D2AF4E4AAB677E727 /* [CP] Embed Pods Frameworks */ = {
			isa = PBXShellScriptBuildPhase;
			buildActionMask = 2147483647;
			files = (
			);
			inputPaths = (
			);
			name = "[CP] Embed Pods Frameworks";
			outputPaths = (
			);
			runOnlyForDeploymentPostprocessing = 0;
			shellPath = /bin/sh;
			shellScript = "\"${SRCROOT}/Pods/Target Support Files/Pods-Movie App/Pods-Movie App-frameworks.sh\"\n";
			showEnvVarsInLog = 0;
		};
		EE4D8C1F659643DBEFBAB32B /* [CP] Embed Pods Frameworks */ = {
			isa = PBXShellScriptBuildPhase;
			buildActionMask = 2147483647;
			files = (
			);
			inputPaths = (
			);
			name = "[CP] Embed Pods Frameworks";
			outputPaths = (
			);
			runOnlyForDeploymentPostprocessing = 0;
			shellPath = /bin/sh;
			shellScript = "\"${SRCROOT}/Pods/Target Support Files/Pods-Movie AppUITests/Pods-Movie AppUITests-frameworks.sh\"\n";
			showEnvVarsInLog = 0;
		};
/* End PBXShellScriptBuildPhase section */

/* Begin PBXSourcesBuildPhase section */
		3AFAD3DB1F07E85F00FCC1C5 /* Sources */ = {
			isa = PBXSourcesBuildPhase;
			buildActionMask = 2147483647;
			files = (
				3AFAD3E51F07E85F00FCC1C5 /* ViewController.swift in Sources */,
				3A3FC3F31F8D681C00EB481D /* MovieCollectionViewController.swift in Sources */,
				3AFAD3E31F07E85F00FCC1C5 /* AppDelegate.swift in Sources */,
				3A3FC3ED1F88200900EB481D /* omdbClient.swift in Sources */,
			);
			runOnlyForDeploymentPostprocessing = 0;
		};
		3AFAD3EF1F07E85F00FCC1C5 /* Sources */ = {
			isa = PBXSourcesBuildPhase;
			buildActionMask = 2147483647;
			files = (
				3AFAD3F81F07E85F00FCC1C5 /* Movie_AppTests.swift in Sources */,
			);
			runOnlyForDeploymentPostprocessing = 0;
		};
		3AFAD3FA1F07E85F00FCC1C5 /* Sources */ = {
			isa = PBXSourcesBuildPhase;
			buildActionMask = 2147483647;
			files = (
				3AFAD4031F07E85F00FCC1C5 /* Movie_AppUITests.swift in Sources */,
			);
			runOnlyForDeploymentPostprocessing = 0;
		};
/* End PBXSourcesBuildPhase section */

/* Begin PBXTargetDependency section */
		3AFAD3F51F07E85F00FCC1C5 /* PBXTargetDependency */ = {
			isa = PBXTargetDependency;
			target = 3AFAD3DE1F07E85F00FCC1C5 /* Movie App */;
			targetProxy = 3AFAD3F41F07E85F00FCC1C5 /* PBXContainerItemProxy */;
		};
		3AFAD4001F07E85F00FCC1C5 /* PBXTargetDependency */ = {
			isa = PBXTargetDependency;
			target = 3AFAD3DE1F07E85F00FCC1C5 /* Movie App */;
			targetProxy = 3AFAD3FF1F07E85F00FCC1C5 /* PBXContainerItemProxy */;
		};
/* End PBXTargetDependency section */

/* Begin PBXVariantGroup section */
		3AFAD3E61F07E85F00FCC1C5 /* Main.storyboard */ = {
			isa = PBXVariantGroup;
			children = (
				3AFAD3E71F07E85F00FCC1C5 /* Base */,
			);
			name = Main.storyboard;
			sourceTree = "<group>";
		};
		3AFAD3EB1F07E85F00FCC1C5 /* LaunchScreen.storyboard */ = {
			isa = PBXVariantGroup;
			children = (
				3AFAD3EC1F07E85F00FCC1C5 /* Base */,
			);
			name = LaunchScreen.storyboard;
			sourceTree = "<group>";
		};
/* End PBXVariantGroup section */

/* Begin XCBuildConfiguration section */
		3AFAD4051F07E85F00FCC1C5 /* Debug */ = {
			isa = XCBuildConfiguration;
			buildSettings = {
				ALWAYS_SEARCH_USER_PATHS = NO;
				CLANG_ANALYZER_NONNULL = YES;
				CLANG_ANALYZER_NUMBER_OBJECT_CONVERSION = YES_AGGRESSIVE;
				CLANG_CXX_LANGUAGE_STANDARD = "gnu++0x";
				CLANG_CXX_LIBRARY = "libc++";
				CLANG_ENABLE_MODULES = YES;
				CLANG_ENABLE_OBJC_ARC = YES;
				CLANG_WARN_BOOL_CONVERSION = YES;
				CLANG_WARN_CONSTANT_CONVERSION = YES;
				CLANG_WARN_DIRECT_OBJC_ISA_USAGE = YES_ERROR;
				CLANG_WARN_DOCUMENTATION_COMMENTS = YES;
				CLANG_WARN_EMPTY_BODY = YES;
				CLANG_WARN_ENUM_CONVERSION = YES;
				CLANG_WARN_INFINITE_RECURSION = YES;
				CLANG_WARN_INT_CONVERSION = YES;
				CLANG_WARN_OBJC_ROOT_CLASS = YES_ERROR;
				CLANG_WARN_SUSPICIOUS_MOVE = YES;
				CLANG_WARN_UNREACHABLE_CODE = YES;
				CLANG_WARN__DUPLICATE_METHOD_MATCH = YES;
				"CODE_SIGN_IDENTITY[sdk=iphoneos*]" = "iPhone Developer";
				COPY_PHASE_STRIP = NO;
				DEBUG_INFORMATION_FORMAT = dwarf;
				ENABLE_STRICT_OBJC_MSGSEND = YES;
				ENABLE_TESTABILITY = YES;
				GCC_C_LANGUAGE_STANDARD = gnu99;
				GCC_DYNAMIC_NO_PIC = NO;
				GCC_NO_COMMON_BLOCKS = YES;
				GCC_OPTIMIZATION_LEVEL = 0;
				GCC_PREPROCESSOR_DEFINITIONS = (
					"DEBUG=1",
					"$(inherited)",
				);
				GCC_WARN_64_TO_32_BIT_CONVERSION = YES;
				GCC_WARN_ABOUT_RETURN_TYPE = YES_ERROR;
				GCC_WARN_UNDECLARED_SELECTOR = YES;
				GCC_WARN_UNINITIALIZED_AUTOS = YES_AGGRESSIVE;
				GCC_WARN_UNUSED_FUNCTION = YES;
				GCC_WARN_UNUSED_VARIABLE = YES;
				IPHONEOS_DEPLOYMENT_TARGET = 10.3;
				MTL_ENABLE_DEBUG_INFO = YES;
				ONLY_ACTIVE_ARCH = YES;
				SDKROOT = iphoneos;
				SWIFT_ACTIVE_COMPILATION_CONDITIONS = DEBUG;
				SWIFT_OPTIMIZATION_LEVEL = "-Onone";
				TARGETED_DEVICE_FAMILY = "1,2";
			};
			name = Debug;
		};
		3AFAD4061F07E85F00FCC1C5 /* Release */ = {
			isa = XCBuildConfiguration;
			buildSettings = {
				ALWAYS_SEARCH_USER_PATHS = NO;
				CLANG_ANALYZER_NONNULL = YES;
				CLANG_ANALYZER_NUMBER_OBJECT_CONVERSION = YES_AGGRESSIVE;
				CLANG_CXX_LANGUAGE_STANDARD = "gnu++0x";
				CLANG_CXX_LIBRARY = "libc++";
				CLANG_ENABLE_MODULES = YES;
				CLANG_ENABLE_OBJC_ARC = YES;
				CLANG_WARN_BOOL_CONVERSION = YES;
				CLANG_WARN_CONSTANT_CONVERSION = YES;
				CLANG_WARN_DIRECT_OBJC_ISA_USAGE = YES_ERROR;
				CLANG_WARN_DOCUMENTATION_COMMENTS = YES;
				CLANG_WARN_EMPTY_BODY = YES;
				CLANG_WARN_ENUM_CONVERSION = YES;
				CLANG_WARN_INFINITE_RECURSION = YES;
				CLANG_WARN_INT_CONVERSION = YES;
				CLANG_WARN_OBJC_ROOT_CLASS = YES_ERROR;
				CLANG_WARN_SUSPICIOUS_MOVE = YES;
				CLANG_WARN_UNREACHABLE_CODE = YES;
				CLANG_WARN__DUPLICATE_METHOD_MATCH = YES;
				"CODE_SIGN_IDENTITY[sdk=iphoneos*]" = "iPhone Developer";
				COPY_PHASE_STRIP = NO;
				DEBUG_INFORMATION_FORMAT = "dwarf-with-dsym";
				ENABLE_NS_ASSERTIONS = NO;
				ENABLE_STRICT_OBJC_MSGSEND = YES;
				GCC_C_LANGUAGE_STANDARD = gnu99;
				GCC_NO_COMMON_BLOCKS = YES;
				GCC_WARN_64_TO_32_BIT_CONVERSION = YES;
				GCC_WARN_ABOUT_RETURN_TYPE = YES_ERROR;
				GCC_WARN_UNDECLARED_SELECTOR = YES;
				GCC_WARN_UNINITIALIZED_AUTOS = YES_AGGRESSIVE;
				GCC_WARN_UNUSED_FUNCTION = YES;
				GCC_WARN_UNUSED_VARIABLE = YES;
				IPHONEOS_DEPLOYMENT_TARGET = 10.3;
				MTL_ENABLE_DEBUG_INFO = NO;
				SDKROOT = iphoneos;
				SWIFT_OPTIMIZATION_LEVEL = "-Owholemodule";
				TARGETED_DEVICE_FAMILY = "1,2";
				VALIDATE_PRODUCT = YES;
			};
			name = Release;
		};
		3AFAD4081F07E85F00FCC1C5 /* Debug */ = {
			isa = XCBuildConfiguration;
			baseConfigurationReference = 650DF0A5D6EAEC1AFD8F70BE /* Pods-Movie App.debug.xcconfig */;
			buildSettings = {
				ASSETCATALOG_COMPILER_APPICON_NAME = AppIcon;
				"CODE_SIGN_IDENTITY[sdk=iphoneos*]" = "iPhone Developer";
				CODE_SIGN_STYLE = Automatic;
				DEVELOPMENT_TEAM = TUPR8SK9GJ;
				INFOPLIST_FILE = "Movie App/Info.plist";
				LD_RUNPATH_SEARCH_PATHS = "$(inherited) @executable_path/Frameworks";
				PRODUCT_BUNDLE_IDENTIFIER = "com.bighuman.Movie-App";
				PRODUCT_NAME = "$(TARGET_NAME)";
				PROVISIONING_PROFILE_SPECIFIER = "";
				SWIFT_VERSION = 3.0;
			};
			name = Debug;
		};
		3AFAD4091F07E85F00FCC1C5 /* Release */ = {
			isa = XCBuildConfiguration;
			baseConfigurationReference = 86CBB65C548F3415FD133260 /* Pods-Movie App.release.xcconfig */;
			buildSettings = {
				ASSETCATALOG_COMPILER_APPICON_NAME = AppIcon;
				"CODE_SIGN_IDENTITY[sdk=iphoneos*]" = "iPhone Developer";
				CODE_SIGN_STYLE = Automatic;
				DEVELOPMENT_TEAM = TUPR8SK9GJ;
				INFOPLIST_FILE = "Movie App/Info.plist";
				LD_RUNPATH_SEARCH_PATHS = "$(inherited) @executable_path/Frameworks";
				PRODUCT_BUNDLE_IDENTIFIER = "com.bighuman.Movie-App";
				PRODUCT_NAME = "$(TARGET_NAME)";
				PROVISIONING_PROFILE_SPECIFIER = "";
				SWIFT_VERSION = 3.0;
			};
			name = Release;
		};
		3AFAD40B1F07E85F00FCC1C5 /* Debug */ = {
			isa = XCBuildConfiguration;
			baseConfigurationReference = 6B089BD6FFE9F4F49244F1F2 /* Pods-Movie AppTests.debug.xcconfig */;
			buildSettings = {
				ALWAYS_EMBED_SWIFT_STANDARD_LIBRARIES = YES;
				BUNDLE_LOADER = "$(TEST_HOST)";
				INFOPLIST_FILE = "Movie AppTests/Info.plist";
				LD_RUNPATH_SEARCH_PATHS = "$(inherited) @executable_path/Frameworks @loader_path/Frameworks";
				PRODUCT_BUNDLE_IDENTIFIER = "com.bighuman.Movie-AppTests";
				PRODUCT_NAME = "$(TARGET_NAME)";
				SWIFT_VERSION = 3.0;
				TEST_HOST = "$(BUILT_PRODUCTS_DIR)/Movie App.app/Movie App";
			};
			name = Debug;
		};
		3AFAD40C1F07E85F00FCC1C5 /* Release */ = {
			isa = XCBuildConfiguration;
			baseConfigurationReference = 1952ACA2E899F0014262D54A /* Pods-Movie AppTests.release.xcconfig */;
			buildSettings = {
				ALWAYS_EMBED_SWIFT_STANDARD_LIBRARIES = YES;
				BUNDLE_LOADER = "$(TEST_HOST)";
				INFOPLIST_FILE = "Movie AppTests/Info.plist";
				LD_RUNPATH_SEARCH_PATHS = "$(inherited) @executable_path/Frameworks @loader_path/Frameworks";
				PRODUCT_BUNDLE_IDENTIFIER = "com.bighuman.Movie-AppTests";
				PRODUCT_NAME = "$(TARGET_NAME)";
				SWIFT_VERSION = 3.0;
				TEST_HOST = "$(BUILT_PRODUCTS_DIR)/Movie App.app/Movie App";
			};
			name = Release;
		};
		3AFAD40E1F07E85F00FCC1C5 /* Debug */ = {
			isa = XCBuildConfiguration;
			baseConfigurationReference = 28FB0F61582399A7AA1AD99E /* Pods-Movie AppUITests.debug.xcconfig */;
			buildSettings = {
				ALWAYS_EMBED_SWIFT_STANDARD_LIBRARIES = YES;
				INFOPLIST_FILE = "Movie AppUITests/Info.plist";
				LD_RUNPATH_SEARCH_PATHS = "$(inherited) @executable_path/Frameworks @loader_path/Frameworks";
				PRODUCT_BUNDLE_IDENTIFIER = "com.bighuman.Movie-AppUITests";
				PRODUCT_NAME = "$(TARGET_NAME)";
				SWIFT_VERSION = 3.0;
				TEST_TARGET_NAME = "Movie App";
			};
			name = Debug;
		};
		3AFAD40F1F07E85F00FCC1C5 /* Release */ = {
			isa = XCBuildConfiguration;
			baseConfigurationReference = 17BAFF1442902FF2AADB301B /* Pods-Movie AppUITests.release.xcconfig */;
			buildSettings = {
				ALWAYS_EMBED_SWIFT_STANDARD_LIBRARIES = YES;
				INFOPLIST_FILE = "Movie AppUITests/Info.plist";
				LD_RUNPATH_SEARCH_PATHS = "$(inherited) @executable_path/Frameworks @loader_path/Frameworks";
				PRODUCT_BUNDLE_IDENTIFIER = "com.bighuman.Movie-AppUITests";
				PRODUCT_NAME = "$(TARGET_NAME)";
				SWIFT_VERSION = 3.0;
				TEST_TARGET_NAME = "Movie App";
			};
			name = Release;
		};
/* End XCBuildConfiguration section */

/* Begin XCConfigurationList section */
		3AFAD3DA1F07E85F00FCC1C5 /* Build configuration list for PBXProject "Movie App" */ = {
			isa = XCConfigurationList;
			buildConfigurations = (
				3AFAD4051F07E85F00FCC1C5 /* Debug */,
				3AFAD4061F07E85F00FCC1C5 /* Release */,
			);
			defaultConfigurationIsVisible = 0;
			defaultConfigurationName = Release;
		};
		3AFAD4071F07E85F00FCC1C5 /* Build configuration list for PBXNativeTarget "Movie App" */ = {
			isa = XCConfigurationList;
			buildConfigurations = (
				3AFAD4081F07E85F00FCC1C5 /* Debug */,
				3AFAD4091F07E85F00FCC1C5 /* Release */,
			);
			defaultConfigurationIsVisible = 0;
			defaultConfigurationName = Release;
		};
		3AFAD40A1F07E85F00FCC1C5 /* Build configuration list for PBXNativeTarget "Movie AppTests" */ = {
			isa = XCConfigurationList;
			buildConfigurations = (
				3AFAD40B1F07E85F00FCC1C5 /* Debug */,
				3AFAD40C1F07E85F00FCC1C5 /* Release */,
			);
			defaultConfigurationIsVisible = 0;
			defaultConfigurationName = Release;
		};
		3AFAD40D1F07E85F00FCC1C5 /* Build configuration list for PBXNativeTarget "Movie AppUITests" */ = {
			isa = XCConfigurationList;
			buildConfigurations = (
				3AFAD40E1F07E85F00FCC1C5 /* Debug */,
				3AFAD40F1F07E85F00FCC1C5 /* Release */,
			);
			defaultConfigurationIsVisible = 0;
			defaultConfigurationName = Release;
		};
/* End XCConfigurationList section */
	};
	rootObject = 3AFAD3D71F07E85F00FCC1C5 /* Project object */;
}
